
Microsoft Visual Studio Solution File, Format Version 12.00
# Visual Studio Version 16
VisualStudioVersion = 16.0.33927.289
MinimumVisualStudioVersion = 10.0.40219.1
Project("{FAE04EC0-301F-11D3-BF4B-00C04F79EFBC}") = "Text-based adventure", "Text-based adventure\Text-based adventure.csproj", "{D146CE19-7EF7-40B7-B464-42B68318C099}"
EndProject
Global
	GlobalSection(SolutionConfigurationPlatforms) = preSolution
		Debug|Any CPU = Debug|Any CPU
		Release|Any CPU = Release|Any CPU
	EndGlobalSection
	GlobalSection(ProjectConfigurationPlatforms) = postSolution
		{D146CE19-7EF7-40B7-B464-42B68318C099}.Debug|Any CPU.ActiveCfg = Debug|Any CPU
		{D146CE19-7EF7-40B7-B464-42B68318C099}.Debug|Any CPU.Build.0 = Debug|Any CPU
		{D146CE19-7EF7-40B7-B464-42B68318C099}.Release|Any CPU.ActiveCfg = Release|Any CPU
		{D146CE19-7EF7-40B7-B464-42B68318C099}.Release|Any CPU.Build.0 = Release|Any CPU
	EndGlobalSection
	GlobalSection(SolutionProperties) = preSolution
		HideSolutionNode = FALSE
	EndGlobalSection
	GlobalSection(ExtensibilityGlobals) = postSolution
		SolutionGuid = {C55A26E8-4609-4D20-A370-AAAEE3422AE4}
	EndGlobalSection
EndGlobal
